// !$*UTF8*$!
{
	archiveVersion = 1;
	classes = {
	};
	objectVersion = 51;
	objects = {

/* Begin PBXBuildFile section */
		03A33E7516FE1D00B6A4C3EB /* Pods_YumYum_YumYumUITests.framework in Frameworks */ = {isa = PBXBuildFile; fileRef = A93E4C0E82BCBDA8F90B5A0F /* Pods_YumYum_YumYumUITests.framework */; };
		540CAAF426314F7D0045917B /* SignupVC.swift in Sources */ = {isa = PBXBuildFile; fileRef = 540CAAF326314F7D0045917B /* SignupVC.swift */; };
		541A0BFA262E8E97006C9582 /* VideoVO.swift in Sources */ = {isa = PBXBuildFile; fileRef = 541A0BF9262E8E97006C9582 /* VideoVO.swift */; };
		541A0BFF262EAD0F006C9582 /* video2.mp4 in Resources */ = {isa = PBXBuildFile; fileRef = 541A0BFE262EAD0F006C9582 /* video2.mp4 */; };
		543648E826481EF600392C12 /* PrivateLawVC.swift in Sources */ = {isa = PBXBuildFile; fileRef = 543648E726481EF600392C12 /* PrivateLawVC.swift */; };
		54552442262FF0A100BFFD54 /* GoogleService-Info.plist in Resources */ = {isa = PBXBuildFile; fileRef = 54552441262FF0A100BFFD54 /* GoogleService-Info.plist */; };
		5488E21626394F640096C35B /* UserModel.swift in Sources */ = {isa = PBXBuildFile; fileRef = 5488E21526394F640096C35B /* UserModel.swift */; };
		548AB7E12629FDBB0093215D /* video.mp4 in Resources */ = {isa = PBXBuildFile; fileRef = 548AB7E02629FDBB0093215D /* video.mp4 */; };
		548AB7E6262AA1BC0093215D /* SignUpButton.swift in Sources */ = {isa = PBXBuildFile; fileRef = 548AB7E5262AA1BC0093215D /* SignUpButton.swift */; };
		548F40E2262EB7A20008B612 /* VideoCollectionViewCell.swift in Sources */ = {isa = PBXBuildFile; fileRef = 548F40E0262EB7A20008B612 /* VideoCollectionViewCell.swift */; };
		54B1E223263713150030C832 /* UIViewControllerExtension.swift in Sources */ = {isa = PBXBuildFile; fileRef = 54B1E222263713150030C832 /* UIViewControllerExtension.swift */; };
		54B1E22B26371ECB0030C832 /* ConfigUrls.swift in Sources */ = {isa = PBXBuildFile; fileRef = 54B1E22A26371ECB0030C832 /* ConfigUrls.swift */; };
		54B8246E263C0EC1001F6A17 /* MyCollectionViewCell.swift in Sources */ = {isa = PBXBuildFile; fileRef = 54B8246C263C0EC1001F6A17 /* MyCollectionViewCell.swift */; };
		54B8246F263C0EC1001F6A17 /* MyCollectionViewCell.xib in Resources */ = {isa = PBXBuildFile; fileRef = 54B8246D263C0EC1001F6A17 /* MyCollectionViewCell.xib */; };
		54B82479263C921A001F6A17 /* SettingVC.swift in Sources */ = {isa = PBXBuildFile; fileRef = 54B82478263C921A001F6A17 /* SettingVC.swift */; };
		54B9F132263ACBC700027590 /* CommenResponse.swift in Sources */ = {isa = PBXBuildFile; fileRef = 54B9F131263ACBC700027590 /* CommenResponse.swift */; };
		54B9F13A263BA87D00027590 /* MypageVC.swift in Sources */ = {isa = PBXBuildFile; fileRef = 54B9F139263BA87D00027590 /* MypageVC.swift */; };
		54C6DA5C262B1965006C8D96 /* HomeViewController.swift in Sources */ = {isa = PBXBuildFile; fileRef = 54C6DA5B262B1965006C8D96 /* HomeViewController.swift */; };
		54C78FB3264001C200E1F600 /* EditProfileVC.swift in Sources */ = {isa = PBXBuildFile; fileRef = 54C78FB2264001C200E1F600 /* EditProfileVC.swift */; };
		54CC1D672636F6BF0023963F /* image1.jpeg in Resources */ = {isa = PBXBuildFile; fileRef = 54CC1D662636F6BF0023963F /* image1.jpeg */; };
		54DA48C6262F1FD400AC4863 /* video3.mp4 in Resources */ = {isa = PBXBuildFile; fileRef = 54DA48C5262F1FD400AC4863 /* video3.mp4 */; };
		54DA48CE262F249700AC4863 /* video4.mp4 in Resources */ = {isa = PBXBuildFile; fileRef = 54DA48CD262F249700AC4863 /* video4.mp4 */; };
		54DA816A264816530029FC92 /* UIImage.swift in Sources */ = {isa = PBXBuildFile; fileRef = 54DA8169264816530029FC92 /* UIImage.swift */; };
		54E0EEE4262835950006D49D /* LoginVC.swift in Sources */ = {isa = PBXBuildFile; fileRef = 54E0EEE3262835950006D49D /* LoginVC.swift */; };
		5FE9A28FA160C665CBC61AB2 /* Pods_YumYumTests.framework in Frameworks */ = {isa = PBXBuildFile; fileRef = B1E748F51A7196099FB67267 /* Pods_YumYumTests.framework */; };
		C5A3452B51F98A7115513DBD /* Pods_YumYum.framework in Frameworks */ = {isa = PBXBuildFile; fileRef = 5D7EA1CC62D0494979A62708 /* Pods_YumYum.framework */; };
		E516C096264125CA00B8F4E0 /* OpenGLES.framework in Frameworks */ = {isa = PBXBuildFile; fileRef = E516C095264125CA00B8F4E0 /* OpenGLES.framework */; };
		E516C098264125D700B8F4E0 /* SystemConfiguration.framework in Frameworks */ = {isa = PBXBuildFile; fileRef = E516C097264125D700B8F4E0 /* SystemConfiguration.framework */; };
		E516C09A264125E800B8F4E0 /* CoreLocation.framework in Frameworks */ = {isa = PBXBuildFile; fileRef = E516C099264125E800B8F4E0 /* CoreLocation.framework */; };
		E516C09C264125F200B8F4E0 /* QuartzCore.framework in Frameworks */ = {isa = PBXBuildFile; fileRef = E516C09B264125F200B8F4E0 /* QuartzCore.framework */; };
		E516C09E2641261A00B8F4E0 /* libc++.tbd in Frameworks */ = {isa = PBXBuildFile; fileRef = E516C09D2641261000B8F4E0 /* libc++.tbd */; };
		E516C0A32641262E00B8F4E0 /* libxml2.tbd in Frameworks */ = {isa = PBXBuildFile; fileRef = E516C0A22641262600B8F4E0 /* libxml2.tbd */; };
		E516C0A82641264900B8F4E0 /* libsqlite3.tbd in Frameworks */ = {isa = PBXBuildFile; fileRef = E516C0A72641263F00B8F4E0 /* libsqlite3.tbd */; };
		E521F3A6264132B50083957B /* map_pinup_custom@3x.png in Resources */ = {isa = PBXBuildFile; fileRef = E521F381264132B50083957B /* map_pinup_custom@3x.png */; };
		E521F3A7264132B50083957B /* map_pin_custom.png in Resources */ = {isa = PBXBuildFile; fileRef = E521F382264132B50083957B /* map_pin_custom.png */; };
		E521F3A8264132B50083957B /* shadow_balloon.png in Resources */ = {isa = PBXBuildFile; fileRef = E521F383264132B50083957B /* shadow_balloon.png */; };
		E521F3A9264132B50083957B /* map_pinup.png in Resources */ = {isa = PBXBuildFile; fileRef = E521F384264132B50083957B /* map_pinup.png */; };
		E521F3AA264132B50083957B /* detail_button.png in Resources */ = {isa = PBXBuildFile; fileRef = E521F385264132B50083957B /* detail_button.png */; };
		E521F3AB264132B50083957B /* map_pin_custom@3x.png in Resources */ = {isa = PBXBuildFile; fileRef = E521F386264132B50083957B /* map_pin_custom@3x.png */; };
		E521F3AC264132B50083957B /* map_pinup@3x.png in Resources */ = {isa = PBXBuildFile; fileRef = E521F387264132B50083957B /* map_pinup@3x.png */; };
		E521F3AD264132B50083957B /* map_pin_shadow@3x.png in Resources */ = {isa = PBXBuildFile; fileRef = E521F388264132B50083957B /* map_pin_shadow@3x.png */; };
		E521F3AE264132B50083957B /* copyright.png in Resources */ = {isa = PBXBuildFile; fileRef = E521F389264132B50083957B /* copyright.png */; };
		E521F3AF264132B50083957B /* th_line.png in Resources */ = {isa = PBXBuildFile; fileRef = E521F38A264132B50083957B /* th_line.png */; };
		E521F3B0264132B50083957B /* map_pin_red@3x.png in Resources */ = {isa = PBXBuildFile; fileRef = E521F38B264132B50083957B /* map_pin_red@3x.png */; };
		E521F3B1264132B50083957B /* daum_copyright.png in Resources */ = {isa = PBXBuildFile; fileRef = E521F38C264132B50083957B /* daum_copyright.png */; };
		E521F3B2264132B50083957B /* map_pin@3x.png in Resources */ = {isa = PBXBuildFile; fileRef = E521F38D264132B50083957B /* map_pin@3x.png */; };
		E521F3B3264132B50083957B /* map_present_tracking.png in Resources */ = {isa = PBXBuildFile; fileRef = E521F38E264132B50083957B /* map_present_tracking.png */; };
		E521F3B4264132B50083957B /* map_pin_red.png in Resources */ = {isa = PBXBuildFile; fileRef = E521F38F264132B50083957B /* map_pin_red.png */; };
		E521F3B5264132B50083957B /* info_box.png in Resources */ = {isa = PBXBuildFile; fileRef = E521F399264132B50083957B /* info_box.png */; };
		E521F3B6264132B50083957B /* point_sprite.png in Resources */ = {isa = PBXBuildFile; fileRef = E521F39A264132B50083957B /* point_sprite.png */; };
		E521F3B7264132B50083957B /* map_pinup_custom.png in Resources */ = {isa = PBXBuildFile; fileRef = E521F39B264132B50083957B /* map_pinup_custom.png */; };
		E521F3B8264132B50083957B /* info_box_tail.png in Resources */ = {isa = PBXBuildFile; fileRef = E521F39C264132B50083957B /* info_box_tail.png */; };
		E521F3B9264132B50083957B /* noimage256.png in Resources */ = {isa = PBXBuildFile; fileRef = E521F39D264132B50083957B /* noimage256.png */; };
		E521F3BA264132B50083957B /* map_present_direction.png in Resources */ = {isa = PBXBuildFile; fileRef = E521F39E264132B50083957B /* map_present_direction.png */; };
		E521F3BB264132B50083957B /* map_pin.png in Resources */ = {isa = PBXBuildFile; fileRef = E521F39F264132B50083957B /* map_pin.png */; };
		E521F3BC264132B50083957B /* map_present.png in Resources */ = {isa = PBXBuildFile; fileRef = E521F3A0264132B50083957B /* map_present.png */; };
		E521F3BD264132B50083957B /* noimage.png in Resources */ = {isa = PBXBuildFile; fileRef = E521F3A1264132B50083957B /* noimage.png */; };
		E521F3BE264132B50083957B /* map_present_background_update.png in Resources */ = {isa = PBXBuildFile; fileRef = E521F3A2264132B50083957B /* map_present_background_update.png */; };
		E521F3BF264132B50083957B /* daum_th_line.png in Resources */ = {isa = PBXBuildFile; fileRef = E521F3A3264132B50083957B /* daum_th_line.png */; };
		E521F3C0264132B50083957B /* map_pin_shadow.png in Resources */ = {isa = PBXBuildFile; fileRef = E521F3A4264132B50083957B /* map_pin_shadow.png */; };
		E521F3C1264132B50083957B /* DaumMap.framework in Frameworks */ = {isa = PBXBuildFile; fileRef = E521F3A5264132B50083957B /* DaumMap.framework */; };
		E521F3C92641398B0083957B /* MapVC.swift in Sources */ = {isa = PBXBuildFile; fileRef = E521F3C82641398B0083957B /* MapVC.swift */; };
		E521F3CE264375890083957B /* ReviewNavigationVC.swift in Sources */ = {isa = PBXBuildFile; fileRef = E521F3CD264375890083957B /* ReviewNavigationVC.swift */; };
		E52F57F42625B746002C2637 /* AppDelegate.swift in Sources */ = {isa = PBXBuildFile; fileRef = E52F57F32625B746002C2637 /* AppDelegate.swift */; };
		E52F57F62625B746002C2637 /* SceneDelegate.swift in Sources */ = {isa = PBXBuildFile; fileRef = E52F57F52625B746002C2637 /* SceneDelegate.swift */; };
		E52F57F82625B746002C2637 /* ViewController.swift in Sources */ = {isa = PBXBuildFile; fileRef = E52F57F72625B746002C2637 /* ViewController.swift */; };
		E52F57FB2625B746002C2637 /* Main.storyboard in Resources */ = {isa = PBXBuildFile; fileRef = E52F57F92625B746002C2637 /* Main.storyboard */; };
		E52F57FE2625B746002C2637 /* YumYum.xcdatamodeld in Sources */ = {isa = PBXBuildFile; fileRef = E52F57FC2625B746002C2637 /* YumYum.xcdatamodeld */; };
		E52F58002625B746002C2637 /* Assets.xcassets in Resources */ = {isa = PBXBuildFile; fileRef = E52F57FF2625B746002C2637 /* Assets.xcassets */; };
		E52F58032625B746002C2637 /* LaunchScreen.storyboard in Resources */ = {isa = PBXBuildFile; fileRef = E52F58012625B746002C2637 /* LaunchScreen.storyboard */; };
		E52F580E2625B746002C2637 /* YumYumTests.swift in Sources */ = {isa = PBXBuildFile; fileRef = E52F580D2625B746002C2637 /* YumYumTests.swift */; };
		E52F58192625B746002C2637 /* YumYumUITests.swift in Sources */ = {isa = PBXBuildFile; fileRef = E52F58182625B746002C2637 /* YumYumUITests.swift */; };
		E536EBB2263BF87800791E7C /* WebApiManagerMedia.swift in Sources */ = {isa = PBXBuildFile; fileRef = E536EBB1263BF87800791E7C /* WebApiManagerMedia.swift */; };
		E536EBB7263BFDCD00791E7C /* PlaceModel.swift in Sources */ = {isa = PBXBuildFile; fileRef = E536EBB6263BFDCD00791E7C /* PlaceModel.swift */; };
		E536EBBD263C7E2600791E7C /* Utils.swift in Sources */ = {isa = PBXBuildFile; fileRef = E536EBBC263C7E2600791E7C /* Utils.swift */; };
		E548AAE42638656C0049AA0B /* UserDefaultsExtension.swift in Sources */ = {isa = PBXBuildFile; fileRef = E548AAE32638656C0049AA0B /* UserDefaultsExtension.swift */; };
		E548AAEB2638699E0049AA0B /* WebApiManager.swift in Sources */ = {isa = PBXBuildFile; fileRef = E548AAEA2638699E0049AA0B /* WebApiManager.swift */; };
		E548AAF026386A9F0049AA0B /* WebApiManagerUser.swift in Sources */ = {isa = PBXBuildFile; fileRef = E548AAEF26386A9F0049AA0B /* WebApiManagerUser.swift */; };
		E548AAF5263887C10049AA0B /* WebApiManagerFeed.swift in Sources */ = {isa = PBXBuildFile; fileRef = E548AAF4263887C10049AA0B /* WebApiManagerFeed.swift */; };
		E548AAFA26388B6E0049AA0B /* VideoPlayBackVC.swift in Sources */ = {isa = PBXBuildFile; fileRef = E548AAF926388B6E0049AA0B /* VideoPlayBackVC.swift */; };
		E548AB072639D8F60049AA0B /* UINavigationBarExtension.swift in Sources */ = {isa = PBXBuildFile; fileRef = E548AB062639D8F60049AA0B /* UINavigationBarExtension.swift */; };
		E548AB0C2639ECC70049AA0B /* ReviewVC.swift in Sources */ = {isa = PBXBuildFile; fileRef = E548AB0B2639ECC70049AA0B /* ReviewVC.swift */; };
		E548AB11263A697C0049AA0B /* UIColor.swift in Sources */ = {isa = PBXBuildFile; fileRef = E548AB10263A697C0049AA0B /* UIColor.swift */; };
		E548AB16263AB51B0049AA0B /* FeedModel.swift in Sources */ = {isa = PBXBuildFile; fileRef = E548AB15263AB51B0049AA0B /* FeedModel.swift */; };
		E5747F10262AA0F300DD0672 /* CameraVC.swift in Sources */ = {isa = PBXBuildFile; fileRef = E5747F0F262AA0F300DD0672 /* CameraVC.swift */; };
		E5920A1C2627C2D800836123 /* Home.storyboard in Resources */ = {isa = PBXBuildFile; fileRef = E5920A1B2627C2D800836123 /* Home.storyboard */; };
		E5920A222627C2E800836123 /* Review.storyboard in Resources */ = {isa = PBXBuildFile; fileRef = E5920A202627C2E800836123 /* Review.storyboard */; };
		E5920A2A2627C30B00836123 /* MyPage.storyboard in Resources */ = {isa = PBXBuildFile; fileRef = E5920A292627C30B00836123 /* MyPage.storyboard */; };
		E5920A352627C47600836123 /* Accounts.storyboard in Resources */ = {isa = PBXBuildFile; fileRef = E5920A342627C47600836123 /* Accounts.storyboard */; };
		E5B071302634761E0094E880 /* PreviewView.swift in Sources */ = {isa = PBXBuildFile; fileRef = E5B0712F2634761E0094E880 /* PreviewView.swift */; };
		E5B112F1262EBD0E00ACB7C8 /* MainTabBarVC.swift in Sources */ = {isa = PBXBuildFile; fileRef = E5B112F0262EBD0E00ACB7C8 /* MainTabBarVC.swift */; };
		E5B30F7326440C91000D8934 /* WebApiManagerKakao.swift in Sources */ = {isa = PBXBuildFile; fileRef = E5B30F7226440C91000D8934 /* WebApiManagerKakao.swift */; };
		E5B30F7826441129000D8934 /* KAKAO-Info.plist in Resources */ = {isa = PBXBuildFile; fileRef = E5B30F7726441129000D8934 /* KAKAO-Info.plist */; };
		E5B30F7D264434C1000D8934 /* PlaceSearchVC.swift in Sources */ = {isa = PBXBuildFile; fileRef = E5B30F7C264434C1000D8934 /* PlaceSearchVC.swift */; };
		E5B30F822644C061000D8934 /* PlaceSearchCell.swift in Sources */ = {isa = PBXBuildFile; fileRef = E5B30F812644C061000D8934 /* PlaceSearchCell.swift */; };
/* End PBXBuildFile section */

/* Begin PBXContainerItemProxy section */
		E52F580A2625B746002C2637 /* PBXContainerItemProxy */ = {
			isa = PBXContainerItemProxy;
			containerPortal = E52F57E82625B746002C2637 /* Project object */;
			proxyType = 1;
			remoteGlobalIDString = E52F57EF2625B746002C2637;
			remoteInfo = YumYum;
		};
		E52F58152625B746002C2637 /* PBXContainerItemProxy */ = {
			isa = PBXContainerItemProxy;
			containerPortal = E52F57E82625B746002C2637 /* Project object */;
			proxyType = 1;
			remoteGlobalIDString = E52F57EF2625B746002C2637;
			remoteInfo = YumYum;
		};
/* End PBXContainerItemProxy section */

/* Begin PBXFileReference section */
		176877668411709C5ECB5223 /* Pods-YumYumTests.debug.xcconfig */ = {isa = PBXFileReference; includeInIndex = 1; lastKnownFileType = text.xcconfig; name = "Pods-YumYumTests.debug.xcconfig"; path = "Target Support Files/Pods-YumYumTests/Pods-YumYumTests.debug.xcconfig"; sourceTree = "<group>"; };
		452F8AFF9E6F936F5A82F3E2 /* Pods-YumYumTests.release.xcconfig */ = {isa = PBXFileReference; includeInIndex = 1; lastKnownFileType = text.xcconfig; name = "Pods-YumYumTests.release.xcconfig"; path = "Target Support Files/Pods-YumYumTests/Pods-YumYumTests.release.xcconfig"; sourceTree = "<group>"; };
		4B829E1AD96BD40F54F7A6BA /* Pods-YumYum.debug.xcconfig */ = {isa = PBXFileReference; includeInIndex = 1; lastKnownFileType = text.xcconfig; name = "Pods-YumYum.debug.xcconfig"; path = "Target Support Files/Pods-YumYum/Pods-YumYum.debug.xcconfig"; sourceTree = "<group>"; };
		540CAAF326314F7D0045917B /* SignupVC.swift */ = {isa = PBXFileReference; lastKnownFileType = sourcecode.swift; path = SignupVC.swift; sourceTree = "<group>"; };
		541A0BF9262E8E97006C9582 /* VideoVO.swift */ = {isa = PBXFileReference; lastKnownFileType = sourcecode.swift; path = VideoVO.swift; sourceTree = "<group>"; };
		541A0BFE262EAD0F006C9582 /* video2.mp4 */ = {isa = PBXFileReference; lastKnownFileType = file; path = video2.mp4; sourceTree = "<group>"; };
		543648E726481EF600392C12 /* PrivateLawVC.swift */ = {isa = PBXFileReference; lastKnownFileType = sourcecode.swift; name = PrivateLawVC.swift; path = YumYum/Extensions/PrivateLawVC.swift; sourceTree = SOURCE_ROOT; };
		54552441262FF0A100BFFD54 /* GoogleService-Info.plist */ = {isa = PBXFileReference; fileEncoding = 4; lastKnownFileType = text.plist.xml; path = "GoogleService-Info.plist"; sourceTree = "<group>"; };
		5488E21526394F640096C35B /* UserModel.swift */ = {isa = PBXFileReference; lastKnownFileType = sourcecode.swift; path = UserModel.swift; sourceTree = "<group>"; };
		548AB7E02629FDBB0093215D /* video.mp4 */ = {isa = PBXFileReference; lastKnownFileType = file; path = video.mp4; sourceTree = SOURCE_ROOT; };
		548AB7E5262AA1BC0093215D /* SignUpButton.swift */ = {isa = PBXFileReference; lastKnownFileType = sourcecode.swift; path = SignUpButton.swift; sourceTree = "<group>"; };
		548F40E0262EB7A20008B612 /* VideoCollectionViewCell.swift */ = {isa = PBXFileReference; lastKnownFileType = sourcecode.swift; name = VideoCollectionViewCell.swift; path = YumYum/ViewControllers/Home/VideoCollectionViewCell.swift; sourceTree = SOURCE_ROOT; };
		54AD7E3D2627CC4E00FC51F9 /* YumYum.entitlements */ = {isa = PBXFileReference; lastKnownFileType = text.plist.entitlements; path = YumYum.entitlements; sourceTree = "<group>"; };
		54AE774853566DBA5881A568 /* Pods-YumYum-YumYumUITests.release.xcconfig */ = {isa = PBXFileReference; includeInIndex = 1; lastKnownFileType = text.xcconfig; name = "Pods-YumYum-YumYumUITests.release.xcconfig"; path = "Target Support Files/Pods-YumYum-YumYumUITests/Pods-YumYum-YumYumUITests.release.xcconfig"; sourceTree = "<group>"; };
		54B1E222263713150030C832 /* UIViewControllerExtension.swift */ = {isa = PBXFileReference; lastKnownFileType = sourcecode.swift; path = UIViewControllerExtension.swift; sourceTree = "<group>"; };
		54B1E22A26371ECB0030C832 /* ConfigUrls.swift */ = {isa = PBXFileReference; lastKnownFileType = sourcecode.swift; path = ConfigUrls.swift; sourceTree = "<group>"; };
		54B8246C263C0EC1001F6A17 /* MyCollectionViewCell.swift */ = {isa = PBXFileReference; lastKnownFileType = sourcecode.swift; name = MyCollectionViewCell.swift; path = YumYum/MyCollectionViewCell.swift; sourceTree = SOURCE_ROOT; };
		54B8246D263C0EC1001F6A17 /* MyCollectionViewCell.xib */ = {isa = PBXFileReference; lastKnownFileType = file.xib; name = MyCollectionViewCell.xib; path = YumYum/MyCollectionViewCell.xib; sourceTree = SOURCE_ROOT; };
		54B82478263C921A001F6A17 /* SettingVC.swift */ = {isa = PBXFileReference; lastKnownFileType = sourcecode.swift; name = SettingVC.swift; path = YumYum/Models/SettingVC.swift; sourceTree = SOURCE_ROOT; };
		54B9F131263ACBC700027590 /* CommenResponse.swift */ = {isa = PBXFileReference; lastKnownFileType = sourcecode.swift; path = CommenResponse.swift; sourceTree = "<group>"; };
		54B9F139263BA87D00027590 /* MypageVC.swift */ = {isa = PBXFileReference; lastKnownFileType = sourcecode.swift; name = MypageVC.swift; path = YumYum/Utils/MypageVC.swift; sourceTree = SOURCE_ROOT; };
		54C6DA5B262B1965006C8D96 /* HomeViewController.swift */ = {isa = PBXFileReference; lastKnownFileType = sourcecode.swift; path = HomeViewController.swift; sourceTree = "<group>"; };
		54C78FB2264001C200E1F600 /* EditProfileVC.swift */ = {isa = PBXFileReference; lastKnownFileType = sourcecode.swift; name = EditProfileVC.swift; path = YumYum/Models/EditProfileVC.swift; sourceTree = SOURCE_ROOT; };
		54CC1D662636F6BF0023963F /* image1.jpeg */ = {isa = PBXFileReference; lastKnownFileType = image.jpeg; path = image1.jpeg; sourceTree = "<group>"; };
		54DA48C5262F1FD400AC4863 /* video3.mp4 */ = {isa = PBXFileReference; lastKnownFileType = file; path = video3.mp4; sourceTree = "<group>"; };
		54DA48CD262F249700AC4863 /* video4.mp4 */ = {isa = PBXFileReference; lastKnownFileType = file; path = video4.mp4; sourceTree = "<group>"; };
		54DA8169264816530029FC92 /* UIImage.swift */ = {isa = PBXFileReference; lastKnownFileType = sourcecode.swift; path = UIImage.swift; sourceTree = "<group>"; };
		54E0EEE3262835950006D49D /* LoginVC.swift */ = {isa = PBXFileReference; lastKnownFileType = sourcecode.swift; path = LoginVC.swift; sourceTree = "<group>"; };
		5D7EA1CC62D0494979A62708 /* Pods_YumYum.framework */ = {isa = PBXFileReference; explicitFileType = wrapper.framework; includeInIndex = 0; path = Pods_YumYum.framework; sourceTree = BUILT_PRODUCTS_DIR; };
		660FBCDD88D6F913501CB333 /* Pods-YumYum.release.xcconfig */ = {isa = PBXFileReference; includeInIndex = 1; lastKnownFileType = text.xcconfig; name = "Pods-YumYum.release.xcconfig"; path = "Target Support Files/Pods-YumYum/Pods-YumYum.release.xcconfig"; sourceTree = "<group>"; };
		843970AD8155E7CF31EF0110 /* Pods-YumYum-YumYumUITests.debug.xcconfig */ = {isa = PBXFileReference; includeInIndex = 1; lastKnownFileType = text.xcconfig; name = "Pods-YumYum-YumYumUITests.debug.xcconfig"; path = "Target Support Files/Pods-YumYum-YumYumUITests/Pods-YumYum-YumYumUITests.debug.xcconfig"; sourceTree = "<group>"; };
		A93E4C0E82BCBDA8F90B5A0F /* Pods_YumYum_YumYumUITests.framework */ = {isa = PBXFileReference; explicitFileType = wrapper.framework; includeInIndex = 0; path = Pods_YumYum_YumYumUITests.framework; sourceTree = BUILT_PRODUCTS_DIR; };
		B1E748F51A7196099FB67267 /* Pods_YumYumTests.framework */ = {isa = PBXFileReference; explicitFileType = wrapper.framework; includeInIndex = 0; path = Pods_YumYumTests.framework; sourceTree = BUILT_PRODUCTS_DIR; };
		E516C095264125CA00B8F4E0 /* OpenGLES.framework */ = {isa = PBXFileReference; lastKnownFileType = wrapper.framework; name = OpenGLES.framework; path = System/Library/Frameworks/OpenGLES.framework; sourceTree = SDKROOT; };
		E516C097264125D700B8F4E0 /* SystemConfiguration.framework */ = {isa = PBXFileReference; lastKnownFileType = wrapper.framework; name = SystemConfiguration.framework; path = System/Library/Frameworks/SystemConfiguration.framework; sourceTree = SDKROOT; };
		E516C099264125E800B8F4E0 /* CoreLocation.framework */ = {isa = PBXFileReference; lastKnownFileType = wrapper.framework; name = CoreLocation.framework; path = System/Library/Frameworks/CoreLocation.framework; sourceTree = SDKROOT; };
		E516C09B264125F200B8F4E0 /* QuartzCore.framework */ = {isa = PBXFileReference; lastKnownFileType = wrapper.framework; name = QuartzCore.framework; path = System/Library/Frameworks/QuartzCore.framework; sourceTree = SDKROOT; };
		E516C09D2641261000B8F4E0 /* libc++.tbd */ = {isa = PBXFileReference; lastKnownFileType = "sourcecode.text-based-dylib-definition"; name = "libc++.tbd"; path = "usr/lib/libc++.tbd"; sourceTree = SDKROOT; };
		E516C0A22641262600B8F4E0 /* libxml2.tbd */ = {isa = PBXFileReference; lastKnownFileType = "sourcecode.text-based-dylib-definition"; name = libxml2.tbd; path = usr/lib/libxml2.tbd; sourceTree = SDKROOT; };
		E516C0A72641263F00B8F4E0 /* libsqlite3.tbd */ = {isa = PBXFileReference; lastKnownFileType = "sourcecode.text-based-dylib-definition"; name = libsqlite3.tbd; path = usr/lib/libsqlite3.tbd; sourceTree = SDKROOT; };
		E516C0AC2641280600B8F4E0 /* KakaoMap-Bridging-Header.h */ = {isa = PBXFileReference; lastKnownFileType = sourcecode.c.h; path = "KakaoMap-Bridging-Header.h"; sourceTree = "<group>"; };
		E521F381264132B50083957B /* map_pinup_custom@3x.png */ = {isa = PBXFileReference; lastKnownFileType = image.png; path = "map_pinup_custom@3x.png"; sourceTree = "<group>"; };
		E521F382264132B50083957B /* map_pin_custom.png */ = {isa = PBXFileReference; lastKnownFileType = image.png; path = map_pin_custom.png; sourceTree = "<group>"; };
		E521F383264132B50083957B /* shadow_balloon.png */ = {isa = PBXFileReference; lastKnownFileType = image.png; path = shadow_balloon.png; sourceTree = "<group>"; };
		E521F384264132B50083957B /* map_pinup.png */ = {isa = PBXFileReference; lastKnownFileType = image.png; path = map_pinup.png; sourceTree = "<group>"; };
		E521F385264132B50083957B /* detail_button.png */ = {isa = PBXFileReference; lastKnownFileType = image.png; path = detail_button.png; sourceTree = "<group>"; };
		E521F386264132B50083957B /* map_pin_custom@3x.png */ = {isa = PBXFileReference; lastKnownFileType = image.png; path = "map_pin_custom@3x.png"; sourceTree = "<group>"; };
		E521F387264132B50083957B /* map_pinup@3x.png */ = {isa = PBXFileReference; lastKnownFileType = image.png; path = "map_pinup@3x.png"; sourceTree = "<group>"; };
		E521F388264132B50083957B /* map_pin_shadow@3x.png */ = {isa = PBXFileReference; lastKnownFileType = image.png; path = "map_pin_shadow@3x.png"; sourceTree = "<group>"; };
		E521F389264132B50083957B /* copyright.png */ = {isa = PBXFileReference; lastKnownFileType = image.png; path = copyright.png; sourceTree = "<group>"; };
		E521F38A264132B50083957B /* th_line.png */ = {isa = PBXFileReference; lastKnownFileType = image.png; path = th_line.png; sourceTree = "<group>"; };
		E521F38B264132B50083957B /* map_pin_red@3x.png */ = {isa = PBXFileReference; lastKnownFileType = image.png; path = "map_pin_red@3x.png"; sourceTree = "<group>"; };
		E521F38C264132B50083957B /* daum_copyright.png */ = {isa = PBXFileReference; lastKnownFileType = image.png; path = daum_copyright.png; sourceTree = "<group>"; };
		E521F38D264132B50083957B /* map_pin@3x.png */ = {isa = PBXFileReference; lastKnownFileType = image.png; path = "map_pin@3x.png"; sourceTree = "<group>"; };
		E521F38E264132B50083957B /* map_present_tracking.png */ = {isa = PBXFileReference; lastKnownFileType = image.png; path = map_present_tracking.png; sourceTree = "<group>"; };
		E521F38F264132B50083957B /* map_pin_red.png */ = {isa = PBXFileReference; lastKnownFileType = image.png; path = map_pin_red.png; sourceTree = "<group>"; };
		E521F391264132B50083957B /* MTMapPOIItem.h */ = {isa = PBXFileReference; fileEncoding = 4; lastKnownFileType = sourcecode.c.h; path = MTMapPOIItem.h; sourceTree = "<group>"; };
		E521F392264132B50083957B /* MTMapCameraUpdate.h */ = {isa = PBXFileReference; fileEncoding = 4; lastKnownFileType = sourcecode.c.h; path = MTMapCameraUpdate.h; sourceTree = "<group>"; };
		E521F393264132B50083957B /* MTMapReverseGeoCoder.h */ = {isa = PBXFileReference; fileEncoding = 4; lastKnownFileType = sourcecode.c.h; path = MTMapReverseGeoCoder.h; sourceTree = "<group>"; };
		E521F394264132B50083957B /* MTMapPolyline.h */ = {isa = PBXFileReference; fileEncoding = 4; lastKnownFileType = sourcecode.c.h; path = MTMapPolyline.h; sourceTree = "<group>"; };
		E521F395264132B50083957B /* MTMapLocationMarkerItem.h */ = {isa = PBXFileReference; fileEncoding = 4; lastKnownFileType = sourcecode.c.h; path = MTMapLocationMarkerItem.h; sourceTree = "<group>"; };
		E521F396264132B50083957B /* MTMapView.h */ = {isa = PBXFileReference; fileEncoding = 4; lastKnownFileType = sourcecode.c.h; path = MTMapView.h; sourceTree = "<group>"; };
		E521F397264132B50083957B /* MTMapGeometry.h */ = {isa = PBXFileReference; fileEncoding = 4; lastKnownFileType = sourcecode.c.h; path = MTMapGeometry.h; sourceTree = "<group>"; };
		E521F398264132B50083957B /* MTMapCircle.h */ = {isa = PBXFileReference; fileEncoding = 4; lastKnownFileType = sourcecode.c.h; path = MTMapCircle.h; sourceTree = "<group>"; };
		E521F399264132B50083957B /* info_box.png */ = {isa = PBXFileReference; lastKnownFileType = image.png; path = info_box.png; sourceTree = "<group>"; };
		E521F39A264132B50083957B /* point_sprite.png */ = {isa = PBXFileReference; lastKnownFileType = image.png; path = point_sprite.png; sourceTree = "<group>"; };
		E521F39B264132B50083957B /* map_pinup_custom.png */ = {isa = PBXFileReference; lastKnownFileType = image.png; path = map_pinup_custom.png; sourceTree = "<group>"; };
		E521F39C264132B50083957B /* info_box_tail.png */ = {isa = PBXFileReference; lastKnownFileType = image.png; path = info_box_tail.png; sourceTree = "<group>"; };
		E521F39D264132B50083957B /* noimage256.png */ = {isa = PBXFileReference; lastKnownFileType = image.png; path = noimage256.png; sourceTree = "<group>"; };
		E521F39E264132B50083957B /* map_present_direction.png */ = {isa = PBXFileReference; lastKnownFileType = image.png; path = map_present_direction.png; sourceTree = "<group>"; };
		E521F39F264132B50083957B /* map_pin.png */ = {isa = PBXFileReference; lastKnownFileType = image.png; path = map_pin.png; sourceTree = "<group>"; };
		E521F3A0264132B50083957B /* map_present.png */ = {isa = PBXFileReference; lastKnownFileType = image.png; path = map_present.png; sourceTree = "<group>"; };
		E521F3A1264132B50083957B /* noimage.png */ = {isa = PBXFileReference; lastKnownFileType = image.png; path = noimage.png; sourceTree = "<group>"; };
		E521F3A2264132B50083957B /* map_present_background_update.png */ = {isa = PBXFileReference; lastKnownFileType = image.png; path = map_present_background_update.png; sourceTree = "<group>"; };
		E521F3A3264132B50083957B /* daum_th_line.png */ = {isa = PBXFileReference; lastKnownFileType = image.png; path = daum_th_line.png; sourceTree = "<group>"; };
		E521F3A4264132B50083957B /* map_pin_shadow.png */ = {isa = PBXFileReference; lastKnownFileType = image.png; path = map_pin_shadow.png; sourceTree = "<group>"; };
		E521F3A5264132B50083957B /* DaumMap.framework */ = {isa = PBXFileReference; lastKnownFileType = wrapper.framework; path = DaumMap.framework; sourceTree = "<group>"; };
		E521F3C82641398B0083957B /* MapVC.swift */ = {isa = PBXFileReference; lastKnownFileType = sourcecode.swift; path = MapVC.swift; sourceTree = "<group>"; };
		E521F3CD264375890083957B /* ReviewNavigationVC.swift */ = {isa = PBXFileReference; lastKnownFileType = sourcecode.swift; path = ReviewNavigationVC.swift; sourceTree = "<group>"; };
		E52F57F02625B746002C2637 /* YumYum.app */ = {isa = PBXFileReference; explicitFileType = wrapper.application; includeInIndex = 0; path = YumYum.app; sourceTree = BUILT_PRODUCTS_DIR; };
		E52F57F32625B746002C2637 /* AppDelegate.swift */ = {isa = PBXFileReference; lastKnownFileType = sourcecode.swift; path = AppDelegate.swift; sourceTree = "<group>"; };
		E52F57F52625B746002C2637 /* SceneDelegate.swift */ = {isa = PBXFileReference; lastKnownFileType = sourcecode.swift; path = SceneDelegate.swift; sourceTree = "<group>"; };
		E52F57F72625B746002C2637 /* ViewController.swift */ = {isa = PBXFileReference; lastKnownFileType = sourcecode.swift; path = ViewController.swift; sourceTree = "<group>"; };
		E52F57FA2625B746002C2637 /* Base */ = {isa = PBXFileReference; lastKnownFileType = file.storyboard; name = Base; path = Base.lproj/Main.storyboard; sourceTree = "<group>"; };
		E52F57FD2625B746002C2637 /* YumYum.xcdatamodel */ = {isa = PBXFileReference; lastKnownFileType = wrapper.xcdatamodel; path = YumYum.xcdatamodel; sourceTree = "<group>"; };
		E52F57FF2625B746002C2637 /* Assets.xcassets */ = {isa = PBXFileReference; lastKnownFileType = folder.assetcatalog; path = Assets.xcassets; sourceTree = "<group>"; };
		E52F58022625B746002C2637 /* Base */ = {isa = PBXFileReference; lastKnownFileType = file.storyboard; name = Base; path = Base.lproj/LaunchScreen.storyboard; sourceTree = "<group>"; };
		E52F58042625B746002C2637 /* Info.plist */ = {isa = PBXFileReference; lastKnownFileType = text.plist.xml; path = Info.plist; sourceTree = "<group>"; };
		E52F58092625B746002C2637 /* YumYumTests.xctest */ = {isa = PBXFileReference; explicitFileType = wrapper.cfbundle; includeInIndex = 0; path = YumYumTests.xctest; sourceTree = BUILT_PRODUCTS_DIR; };
		E52F580D2625B746002C2637 /* YumYumTests.swift */ = {isa = PBXFileReference; lastKnownFileType = sourcecode.swift; path = YumYumTests.swift; sourceTree = "<group>"; };
		E52F580F2625B746002C2637 /* Info.plist */ = {isa = PBXFileReference; lastKnownFileType = text.plist.xml; path = Info.plist; sourceTree = "<group>"; };
		E52F58142625B746002C2637 /* YumYumUITests.xctest */ = {isa = PBXFileReference; explicitFileType = wrapper.cfbundle; includeInIndex = 0; path = YumYumUITests.xctest; sourceTree = BUILT_PRODUCTS_DIR; };
		E52F58182625B746002C2637 /* YumYumUITests.swift */ = {isa = PBXFileReference; lastKnownFileType = sourcecode.swift; path = YumYumUITests.swift; sourceTree = "<group>"; };
		E52F581A2625B746002C2637 /* Info.plist */ = {isa = PBXFileReference; lastKnownFileType = text.plist.xml; path = Info.plist; sourceTree = "<group>"; };
		E536EBB1263BF87800791E7C /* WebApiManagerMedia.swift */ = {isa = PBXFileReference; lastKnownFileType = sourcecode.swift; path = WebApiManagerMedia.swift; sourceTree = "<group>"; };
		E536EBB6263BFDCD00791E7C /* PlaceModel.swift */ = {isa = PBXFileReference; lastKnownFileType = sourcecode.swift; path = PlaceModel.swift; sourceTree = "<group>"; };
		E536EBBC263C7E2600791E7C /* Utils.swift */ = {isa = PBXFileReference; lastKnownFileType = sourcecode.swift; path = Utils.swift; sourceTree = "<group>"; };
		E548AAE32638656C0049AA0B /* UserDefaultsExtension.swift */ = {isa = PBXFileReference; lastKnownFileType = sourcecode.swift; path = UserDefaultsExtension.swift; sourceTree = "<group>"; };
		E548AAEA2638699E0049AA0B /* WebApiManager.swift */ = {isa = PBXFileReference; lastKnownFileType = sourcecode.swift; path = WebApiManager.swift; sourceTree = "<group>"; };
		E548AAEF26386A9F0049AA0B /* WebApiManagerUser.swift */ = {isa = PBXFileReference; lastKnownFileType = sourcecode.swift; path = WebApiManagerUser.swift; sourceTree = "<group>"; };
		E548AAF4263887C10049AA0B /* WebApiManagerFeed.swift */ = {isa = PBXFileReference; lastKnownFileType = sourcecode.swift; path = WebApiManagerFeed.swift; sourceTree = "<group>"; };
		E548AAF926388B6E0049AA0B /* VideoPlayBackVC.swift */ = {isa = PBXFileReference; lastKnownFileType = sourcecode.swift; path = VideoPlayBackVC.swift; sourceTree = "<group>"; };
		E548AB062639D8F60049AA0B /* UINavigationBarExtension.swift */ = {isa = PBXFileReference; lastKnownFileType = sourcecode.swift; path = UINavigationBarExtension.swift; sourceTree = "<group>"; };
		E548AB0B2639ECC70049AA0B /* ReviewVC.swift */ = {isa = PBXFileReference; lastKnownFileType = sourcecode.swift; path = ReviewVC.swift; sourceTree = "<group>"; };
		E548AB10263A697C0049AA0B /* UIColor.swift */ = {isa = PBXFileReference; lastKnownFileType = sourcecode.swift; path = UIColor.swift; sourceTree = "<group>"; };
		E548AB15263AB51B0049AA0B /* FeedModel.swift */ = {isa = PBXFileReference; lastKnownFileType = sourcecode.swift; path = FeedModel.swift; sourceTree = "<group>"; };
		E5747F0F262AA0F300DD0672 /* CameraVC.swift */ = {isa = PBXFileReference; lastKnownFileType = sourcecode.swift; path = CameraVC.swift; sourceTree = "<group>"; };
		E5920A1B2627C2D800836123 /* Home.storyboard */ = {isa = PBXFileReference; fileEncoding = 4; lastKnownFileType = file.storyboard; path = Home.storyboard; sourceTree = "<group>"; };
		E5920A212627C2E800836123 /* Base */ = {isa = PBXFileReference; lastKnownFileType = file.storyboard; name = Base; path = YumYum/Storyboard/Base.lproj/Review.storyboard; sourceTree = "<group>"; };
		E5920A292627C30B00836123 /* MyPage.storyboard */ = {isa = PBXFileReference; fileEncoding = 4; lastKnownFileType = file.storyboard; path = MyPage.storyboard; sourceTree = SOURCE_ROOT; };
		E5920A342627C47600836123 /* Accounts.storyboard */ = {isa = PBXFileReference; lastKnownFileType = file.storyboard; path = Accounts.storyboard; sourceTree = "<group>"; };
		E5B0712F2634761E0094E880 /* PreviewView.swift */ = {isa = PBXFileReference; lastKnownFileType = sourcecode.swift; path = PreviewView.swift; sourceTree = "<group>"; };
		E5B112F0262EBD0E00ACB7C8 /* MainTabBarVC.swift */ = {isa = PBXFileReference; lastKnownFileType = sourcecode.swift; path = MainTabBarVC.swift; sourceTree = "<group>"; };
		E5B30F7226440C91000D8934 /* WebApiManagerKakao.swift */ = {isa = PBXFileReference; lastKnownFileType = sourcecode.swift; path = WebApiManagerKakao.swift; sourceTree = "<group>"; };
		E5B30F7726441129000D8934 /* KAKAO-Info.plist */ = {isa = PBXFileReference; lastKnownFileType = text.plist.xml; path = "KAKAO-Info.plist"; sourceTree = "<group>"; };
		E5B30F7C264434C1000D8934 /* PlaceSearchVC.swift */ = {isa = PBXFileReference; lastKnownFileType = sourcecode.swift; path = PlaceSearchVC.swift; sourceTree = "<group>"; };
		E5B30F812644C061000D8934 /* PlaceSearchCell.swift */ = {isa = PBXFileReference; lastKnownFileType = sourcecode.swift; path = PlaceSearchCell.swift; sourceTree = "<group>"; };
/* End PBXFileReference section */

/* Begin PBXFrameworksBuildPhase section */
		E52F57ED2625B746002C2637 /* Frameworks */ = {
			isa = PBXFrameworksBuildPhase;
			buildActionMask = 2147483647;
			files = (
				E516C09E2641261A00B8F4E0 /* libc++.tbd in Frameworks */,
				E516C09C264125F200B8F4E0 /* QuartzCore.framework in Frameworks */,
				E516C0A82641264900B8F4E0 /* libsqlite3.tbd in Frameworks */,
				E516C09A264125E800B8F4E0 /* CoreLocation.framework in Frameworks */,
				E516C0A32641262E00B8F4E0 /* libxml2.tbd in Frameworks */,
				C5A3452B51F98A7115513DBD /* Pods_YumYum.framework in Frameworks */,
				E516C098264125D700B8F4E0 /* SystemConfiguration.framework in Frameworks */,
				E521F3C1264132B50083957B /* DaumMap.framework in Frameworks */,
				E516C096264125CA00B8F4E0 /* OpenGLES.framework in Frameworks */,
			);
			runOnlyForDeploymentPostprocessing = 0;
		};
		E52F58062625B746002C2637 /* Frameworks */ = {
			isa = PBXFrameworksBuildPhase;
			buildActionMask = 2147483647;
			files = (
				5FE9A28FA160C665CBC61AB2 /* Pods_YumYumTests.framework in Frameworks */,
			);
			runOnlyForDeploymentPostprocessing = 0;
		};
		E52F58112625B746002C2637 /* Frameworks */ = {
			isa = PBXFrameworksBuildPhase;
			buildActionMask = 2147483647;
			files = (
				03A33E7516FE1D00B6A4C3EB /* Pods_YumYum_YumYumUITests.framework in Frameworks */,
			);
			runOnlyForDeploymentPostprocessing = 0;
		};
/* End PBXFrameworksBuildPhase section */

/* Begin PBXGroup section */
		26B10B3057C09CB223A5AF3E /* Pods */ = {
			isa = PBXGroup;
			children = (
				4B829E1AD96BD40F54F7A6BA /* Pods-YumYum.debug.xcconfig */,
				660FBCDD88D6F913501CB333 /* Pods-YumYum.release.xcconfig */,
				843970AD8155E7CF31EF0110 /* Pods-YumYum-YumYumUITests.debug.xcconfig */,
				54AE774853566DBA5881A568 /* Pods-YumYum-YumYumUITests.release.xcconfig */,
				176877668411709C5ECB5223 /* Pods-YumYumTests.debug.xcconfig */,
				452F8AFF9E6F936F5A82F3E2 /* Pods-YumYumTests.release.xcconfig */,
			);
			path = Pods;
			sourceTree = "<group>";
		};
		54B1E221263712C20030C832 /* Utils */ = {
			isa = PBXGroup;
			children = (
				54B1E22A26371ECB0030C832 /* ConfigUrls.swift */,
			);
			path = Utils;
			sourceTree = "<group>";
		};
		54D5B2DC26366AA3004F0BBB /* Login */ = {
			isa = PBXGroup;
			children = (
				540CAAF326314F7D0045917B /* SignupVC.swift */,
				54E0EEE3262835950006D49D /* LoginVC.swift */,
				548AB7E5262AA1BC0093215D /* SignUpButton.swift */,
			);
			path = Login;
			sourceTree = "<group>";
		};
		54D5B2DD26366AD5004F0BBB /* Home */ = {
			isa = PBXGroup;
			children = (
				548F40E0262EB7A20008B612 /* VideoCollectionViewCell.swift */,
				54C6DA5B262B1965006C8D96 /* HomeViewController.swift */,
			);
			path = Home;
			sourceTree = "<group>";
		};
		E516C0AE264129DF00B8F4E0 /* Headers */ = {
			isa = PBXGroup;
			children = (
				E516C0AC2641280600B8F4E0 /* KakaoMap-Bridging-Header.h */,
			);
			path = Headers;
			sourceTree = "<group>";
		};
		E521F37F264132B50083957B /* DaumMap.embeddedframework */ = {
			isa = PBXGroup;
			children = (
				E521F380264132B50083957B /* Resources */,
				E521F3A5264132B50083957B /* DaumMap.framework */,
			);
			path = DaumMap.embeddedframework;
			sourceTree = "<group>";
		};
		E521F380264132B50083957B /* Resources */ = {
			isa = PBXGroup;
			children = (
				E521F381264132B50083957B /* map_pinup_custom@3x.png */,
				E521F382264132B50083957B /* map_pin_custom.png */,
				E521F383264132B50083957B /* shadow_balloon.png */,
				E521F384264132B50083957B /* map_pinup.png */,
				E521F385264132B50083957B /* detail_button.png */,
				E521F386264132B50083957B /* map_pin_custom@3x.png */,
				E521F387264132B50083957B /* map_pinup@3x.png */,
				E521F388264132B50083957B /* map_pin_shadow@3x.png */,
				E521F389264132B50083957B /* copyright.png */,
				E521F38A264132B50083957B /* th_line.png */,
				E521F38B264132B50083957B /* map_pin_red@3x.png */,
				E521F38C264132B50083957B /* daum_copyright.png */,
				E521F38D264132B50083957B /* map_pin@3x.png */,
				E521F38E264132B50083957B /* map_present_tracking.png */,
				E521F38F264132B50083957B /* map_pin_red.png */,
				E521F390264132B50083957B /* Headers */,
				E521F399264132B50083957B /* info_box.png */,
				E521F39A264132B50083957B /* point_sprite.png */,
				E521F39B264132B50083957B /* map_pinup_custom.png */,
				E521F39C264132B50083957B /* info_box_tail.png */,
				E521F39D264132B50083957B /* noimage256.png */,
				E521F39E264132B50083957B /* map_present_direction.png */,
				E521F39F264132B50083957B /* map_pin.png */,
				E521F3A0264132B50083957B /* map_present.png */,
				E521F3A1264132B50083957B /* noimage.png */,
				E521F3A2264132B50083957B /* map_present_background_update.png */,
				E521F3A3264132B50083957B /* daum_th_line.png */,
				E521F3A4264132B50083957B /* map_pin_shadow.png */,
			);
			path = Resources;
			sourceTree = "<group>";
		};
		E521F390264132B50083957B /* Headers */ = {
			isa = PBXGroup;
			children = (
				E521F391264132B50083957B /* MTMapPOIItem.h */,
				E521F392264132B50083957B /* MTMapCameraUpdate.h */,
				E521F393264132B50083957B /* MTMapReverseGeoCoder.h */,
				E521F394264132B50083957B /* MTMapPolyline.h */,
				E521F395264132B50083957B /* MTMapLocationMarkerItem.h */,
				E521F396264132B50083957B /* MTMapView.h */,
				E521F397264132B50083957B /* MTMapGeometry.h */,
				E521F398264132B50083957B /* MTMapCircle.h */,
			);
			path = Headers;
			sourceTree = "<group>";
		};
		E52F57E72625B746002C2637 = {
			isa = PBXGroup;
			children = (
				E52F57F22625B746002C2637 /* YumYum */,
				E52F580C2625B746002C2637 /* YumYumTests */,
				E52F58172625B746002C2637 /* YumYumUITests */,
				E52F57F12625B746002C2637 /* Products */,
				26B10B3057C09CB223A5AF3E /* Pods */,
				FEC3D879C8C1ACAF1854F682 /* Frameworks */,
			);
			sourceTree = "<group>";
		};
		E52F57F12625B746002C2637 /* Products */ = {
			isa = PBXGroup;
			children = (
				E52F57F02625B746002C2637 /* YumYum.app */,
				E52F58092625B746002C2637 /* YumYumTests.xctest */,
				E52F58142625B746002C2637 /* YumYumUITests.xctest */,
			);
			name = Products;
			sourceTree = "<group>";
		};
		E52F57F22625B746002C2637 /* YumYum */ = {
			isa = PBXGroup;
			children = (
				E516C0AE264129DF00B8F4E0 /* Headers */,
				E548AAE8263869570049AA0B /* Managers */,
				548AB7E02629FDBB0093215D /* video.mp4 */,
				541A0BFE262EAD0F006C9582 /* video2.mp4 */,
				54DA48C5262F1FD400AC4863 /* video3.mp4 */,
				54DA48CD262F249700AC4863 /* video4.mp4 */,
				54CC1D662636F6BF0023963F /* image1.jpeg */,
				54AD7E3D2627CC4E00FC51F9 /* YumYum.entitlements */,
				E5920A172627C1A800836123 /* SupportingFiles */,
				E5920A162627C19F00836123 /* Storyboard */,
				E5920A152627C19400836123 /* ViewControllers */,
				E5920A142627C18000836123 /* Extensions */,
				E5920A132627C17A00836123 /* Models */,
				54B1E221263712C20030C832 /* Utils */,
			);
			path = YumYum;
			sourceTree = "<group>";
		};
		E52F580C2625B746002C2637 /* YumYumTests */ = {
			isa = PBXGroup;
			children = (
				E52F580D2625B746002C2637 /* YumYumTests.swift */,
				E52F580F2625B746002C2637 /* Info.plist */,
			);
			path = YumYumTests;
			sourceTree = "<group>";
		};
		E52F58172625B746002C2637 /* YumYumUITests */ = {
			isa = PBXGroup;
			children = (
				E52F58182625B746002C2637 /* YumYumUITests.swift */,
				E52F581A2625B746002C2637 /* Info.plist */,
			);
			path = YumYumUITests;
			sourceTree = "<group>";
		};
		E548AAE8263869570049AA0B /* Managers */ = {
			isa = PBXGroup;
			children = (
				E548AAE9263869600049AA0B /* WebApiManager */,
			);
			path = Managers;
			sourceTree = "<group>";
		};
		E548AAE9263869600049AA0B /* WebApiManager */ = {
			isa = PBXGroup;
			children = (
				E548AAEA2638699E0049AA0B /* WebApiManager.swift */,
				54B9F131263ACBC700027590 /* CommenResponse.swift */,
				E548AAEF26386A9F0049AA0B /* WebApiManagerUser.swift */,
				E548AAF4263887C10049AA0B /* WebApiManagerFeed.swift */,
				E536EBB1263BF87800791E7C /* WebApiManagerMedia.swift */,
				E5B30F7226440C91000D8934 /* WebApiManagerKakao.swift */,
			);
			path = WebApiManager;
			sourceTree = "<group>";
		};
		E56663E9263347E2003A503F /* MyPage */ = {
			isa = PBXGroup;
			children = (
				54B9F139263BA87D00027590 /* MypageVC.swift */,
				54C78FB2264001C200E1F600 /* EditProfileVC.swift */,
				54B8246C263C0EC1001F6A17 /* MyCollectionViewCell.swift */,
				54B8246D263C0EC1001F6A17 /* MyCollectionViewCell.xib */,
				54B82478263C921A001F6A17 /* SettingVC.swift */,
				543648E726481EF600392C12 /* PrivateLawVC.swift */,
			);
			path = MyPage;
			sourceTree = "<group>";
		};
		E5747F14262AA10F00DD0672 /* Review */ = {
			isa = PBXGroup;
			children = (
				E5747F0F262AA0F300DD0672 /* CameraVC.swift */,
				E5B0712F2634761E0094E880 /* PreviewView.swift */,
				E548AAF926388B6E0049AA0B /* VideoPlayBackVC.swift */,
				E548AB0B2639ECC70049AA0B /* ReviewVC.swift */,
				E521F3C82641398B0083957B /* MapVC.swift */,
				E521F3CD264375890083957B /* ReviewNavigationVC.swift */,
				E5B30F7C264434C1000D8934 /* PlaceSearchVC.swift */,
				E5B30F812644C061000D8934 /* PlaceSearchCell.swift */,
			);
			path = Review;
			sourceTree = "<group>";
		};
		E5920A132627C17A00836123 /* Models */ = {
			isa = PBXGroup;
			children = (
				541A0BF9262E8E97006C9582 /* VideoVO.swift */,
				5488E21526394F640096C35B /* UserModel.swift */,
				E548AB15263AB51B0049AA0B /* FeedModel.swift */,
				E536EBB6263BFDCD00791E7C /* PlaceModel.swift */,
			);
			path = Models;
			sourceTree = "<group>";
		};
		E5920A142627C18000836123 /* Extensions */ = {
			isa = PBXGroup;
			children = (
				54B1E222263713150030C832 /* UIViewControllerExtension.swift */,
				E548AAE32638656C0049AA0B /* UserDefaultsExtension.swift */,
				E548AB062639D8F60049AA0B /* UINavigationBarExtension.swift */,
				E548AB10263A697C0049AA0B /* UIColor.swift */,
				54DA8169264816530029FC92 /* UIImage.swift */,
			);
			path = Extensions;
			sourceTree = "<group>";
		};
		E5920A152627C19400836123 /* ViewControllers */ = {
			isa = PBXGroup;
			children = (
				54D5B2DD26366AD5004F0BBB /* Home */,
				54D5B2DC26366AA3004F0BBB /* Login */,
				E56663E9263347E2003A503F /* MyPage */,
				E5B11317262F430300ACB7C8 /* TabBar */,
				E5747F14262AA10F00DD0672 /* Review */,
				E52F57F72625B746002C2637 /* ViewController.swift */,
			);
			path = ViewControllers;
			sourceTree = "<group>";
		};
		E5920A162627C19F00836123 /* Storyboard */ = {
			isa = PBXGroup;
			children = (
				E5920A292627C30B00836123 /* MyPage.storyboard */,
				E5920A202627C2E800836123 /* Review.storyboard */,
				E52F58012625B746002C2637 /* LaunchScreen.storyboard */,
				E52F57F92625B746002C2637 /* Main.storyboard */,
				E5920A1B2627C2D800836123 /* Home.storyboard */,
				E5920A342627C47600836123 /* Accounts.storyboard */,
			);
			path = Storyboard;
			sourceTree = "<group>";
		};
		E5920A172627C1A800836123 /* SupportingFiles */ = {
			isa = PBXGroup;
			children = (
				54552441262FF0A100BFFD54 /* GoogleService-Info.plist */,
				E52F57F32625B746002C2637 /* AppDelegate.swift */,
				E52F57F52625B746002C2637 /* SceneDelegate.swift */,
				E52F58042625B746002C2637 /* Info.plist */,
				E52F57FF2625B746002C2637 /* Assets.xcassets */,
				E52F57FC2625B746002C2637 /* YumYum.xcdatamodeld */,
				E536EBBC263C7E2600791E7C /* Utils.swift */,
				E5B30F7726441129000D8934 /* KAKAO-Info.plist */,
			);
			path = SupportingFiles;
			sourceTree = "<group>";
		};
		E5B11317262F430300ACB7C8 /* TabBar */ = {
			isa = PBXGroup;
			children = (
				E5B112F0262EBD0E00ACB7C8 /* MainTabBarVC.swift */,
			);
			path = TabBar;
			sourceTree = "<group>";
		};
		FEC3D879C8C1ACAF1854F682 /* Frameworks */ = {
			isa = PBXGroup;
			children = (
				E521F37F264132B50083957B /* DaumMap.embeddedframework */,
				E516C0A72641263F00B8F4E0 /* libsqlite3.tbd */,
				E516C0A22641262600B8F4E0 /* libxml2.tbd */,
				E516C09D2641261000B8F4E0 /* libc++.tbd */,
				E516C09B264125F200B8F4E0 /* QuartzCore.framework */,
				E516C099264125E800B8F4E0 /* CoreLocation.framework */,
				E516C097264125D700B8F4E0 /* SystemConfiguration.framework */,
				E516C095264125CA00B8F4E0 /* OpenGLES.framework */,
				5D7EA1CC62D0494979A62708 /* Pods_YumYum.framework */,
				A93E4C0E82BCBDA8F90B5A0F /* Pods_YumYum_YumYumUITests.framework */,
				B1E748F51A7196099FB67267 /* Pods_YumYumTests.framework */,
			);
			name = Frameworks;
			sourceTree = "<group>";
		};
/* End PBXGroup section */

/* Begin PBXNativeTarget section */
		E52F57EF2625B746002C2637 /* YumYum */ = {
			isa = PBXNativeTarget;
			buildConfigurationList = E52F581D2625B746002C2637 /* Build configuration list for PBXNativeTarget "YumYum" */;
			buildPhases = (
				2CD7C978A4CF997256A377BB /* [CP] Check Pods Manifest.lock */,
				E52F57EC2625B746002C2637 /* Sources */,
				E52F57ED2625B746002C2637 /* Frameworks */,
				E52F57EE2625B746002C2637 /* Resources */,
				6EB27AE40C229E95D744CBD2 /* [CP] Embed Pods Frameworks */,
				DF945E7AF3BFB01FEF5A0AA2 /* [CP] Copy Pods Resources */,
			);
			buildRules = (
			);
			dependencies = (
			);
			name = YumYum;
			productName = YumYum;
			productReference = E52F57F02625B746002C2637 /* YumYum.app */;
			productType = "com.apple.product-type.application";
		};
		E52F58082625B746002C2637 /* YumYumTests */ = {
			isa = PBXNativeTarget;
			buildConfigurationList = E52F58202625B746002C2637 /* Build configuration list for PBXNativeTarget "YumYumTests" */;
			buildPhases = (
				8CA650AA5133CBF153623321 /* [CP] Check Pods Manifest.lock */,
				E52F58052625B746002C2637 /* Sources */,
				E52F58062625B746002C2637 /* Frameworks */,
				E52F58072625B746002C2637 /* Resources */,
			);
			buildRules = (
			);
			dependencies = (
				E52F580B2625B746002C2637 /* PBXTargetDependency */,
			);
			name = YumYumTests;
			productName = YumYumTests;
			productReference = E52F58092625B746002C2637 /* YumYumTests.xctest */;
			productType = "com.apple.product-type.bundle.unit-test";
		};
		E52F58132625B746002C2637 /* YumYumUITests */ = {
			isa = PBXNativeTarget;
			buildConfigurationList = E52F58232625B746002C2637 /* Build configuration list for PBXNativeTarget "YumYumUITests" */;
			buildPhases = (
				3B93B6B4BD565DCC4FB0AF54 /* [CP] Check Pods Manifest.lock */,
				E52F58102625B746002C2637 /* Sources */,
				E52F58112625B746002C2637 /* Frameworks */,
				E52F58122625B746002C2637 /* Resources */,
				F97FA30133BB75EF5BCD797D /* [CP] Embed Pods Frameworks */,
				D342B0B8A63765C3B782E194 /* [CP] Copy Pods Resources */,
			);
			buildRules = (
			);
			dependencies = (
				E52F58162625B746002C2637 /* PBXTargetDependency */,
			);
			name = YumYumUITests;
			productName = YumYumUITests;
			productReference = E52F58142625B746002C2637 /* YumYumUITests.xctest */;
			productType = "com.apple.product-type.bundle.ui-testing";
		};
/* End PBXNativeTarget section */

/* Begin PBXProject section */
		E52F57E82625B746002C2637 /* Project object */ = {
			isa = PBXProject;
			attributes = {
				LastSwiftUpdateCheck = 1240;
				LastUpgradeCheck = 1240;
				TargetAttributes = {
					E52F57EF2625B746002C2637 = {
						CreatedOnToolsVersion = 12.4;
					};
					E52F58082625B746002C2637 = {
						CreatedOnToolsVersion = 12.4;
						TestTargetID = E52F57EF2625B746002C2637;
					};
					E52F58132625B746002C2637 = {
						CreatedOnToolsVersion = 12.4;
						TestTargetID = E52F57EF2625B746002C2637;
					};
				};
			};
			buildConfigurationList = E52F57EB2625B746002C2637 /* Build configuration list for PBXProject "YumYum" */;
			compatibilityVersion = "Xcode 9.3";
			developmentRegion = en;
			hasScannedForEncodings = 0;
			knownRegions = (
				en,
				Base,
			);
			mainGroup = E52F57E72625B746002C2637;
			productRefGroup = E52F57F12625B746002C2637 /* Products */;
			projectDirPath = "";
			projectRoot = "";
			targets = (
				E52F57EF2625B746002C2637 /* YumYum */,
				E52F58082625B746002C2637 /* YumYumTests */,
				E52F58132625B746002C2637 /* YumYumUITests */,
			);
		};
/* End PBXProject section */

/* Begin PBXResourcesBuildPhase section */
		E52F57EE2625B746002C2637 /* Resources */ = {
			isa = PBXResourcesBuildPhase;
			buildActionMask = 2147483647;
			files = (
				E52F58032625B746002C2637 /* LaunchScreen.storyboard in Resources */,
				E5920A2A2627C30B00836123 /* MyPage.storyboard in Resources */,
				E521F3A8264132B50083957B /* shadow_balloon.png in Resources */,
				54CC1D672636F6BF0023963F /* image1.jpeg in Resources */,
				E521F3AE264132B50083957B /* copyright.png in Resources */,
				E521F3A7264132B50083957B /* map_pin_custom.png in Resources */,
				E521F3B4264132B50083957B /* map_pin_red.png in Resources */,
				E521F3B6264132B50083957B /* point_sprite.png in Resources */,
				E5920A222627C2E800836123 /* Review.storyboard in Resources */,
				E521F3AC264132B50083957B /* map_pinup@3x.png in Resources */,
				E521F3B7264132B50083957B /* map_pinup_custom.png in Resources */,
				E521F3B0264132B50083957B /* map_pin_red@3x.png in Resources */,
				E521F3B9264132B50083957B /* noimage256.png in Resources */,
				E521F3A6264132B50083957B /* map_pinup_custom@3x.png in Resources */,
				54DA48C6262F1FD400AC4863 /* video3.mp4 in Resources */,
				E521F3BA264132B50083957B /* map_present_direction.png in Resources */,
				E521F3BC264132B50083957B /* map_present.png in Resources */,
				E52F58002625B746002C2637 /* Assets.xcassets in Resources */,
				E5B30F7826441129000D8934 /* KAKAO-Info.plist in Resources */,
				54552442262FF0A100BFFD54 /* GoogleService-Info.plist in Resources */,
				E52F57FB2625B746002C2637 /* Main.storyboard in Resources */,
				E521F3B2264132B50083957B /* map_pin@3x.png in Resources */,
				E521F3AD264132B50083957B /* map_pin_shadow@3x.png in Resources */,
				54B8246F263C0EC1001F6A17 /* MyCollectionViewCell.xib in Resources */,
				E521F3BE264132B50083957B /* map_present_background_update.png in Resources */,
				54DA48CE262F249700AC4863 /* video4.mp4 in Resources */,
				E5920A352627C47600836123 /* Accounts.storyboard in Resources */,
				E521F3B1264132B50083957B /* daum_copyright.png in Resources */,
				E521F3B5264132B50083957B /* info_box.png in Resources */,
				E521F3BF264132B50083957B /* daum_th_line.png in Resources */,
				E521F3BB264132B50083957B /* map_pin.png in Resources */,
				E521F3BD264132B50083957B /* noimage.png in Resources */,
				E521F3C0264132B50083957B /* map_pin_shadow.png in Resources */,
				E521F3B8264132B50083957B /* info_box_tail.png in Resources */,
				E521F3AF264132B50083957B /* th_line.png in Resources */,
				E5920A1C2627C2D800836123 /* Home.storyboard in Resources */,
				541A0BFF262EAD0F006C9582 /* video2.mp4 in Resources */,
				E521F3AA264132B50083957B /* detail_button.png in Resources */,
				E521F3AB264132B50083957B /* map_pin_custom@3x.png in Resources */,
				548AB7E12629FDBB0093215D /* video.mp4 in Resources */,
				E521F3A9264132B50083957B /* map_pinup.png in Resources */,
				E521F3B3264132B50083957B /* map_present_tracking.png in Resources */,
			);
			runOnlyForDeploymentPostprocessing = 0;
		};
		E52F58072625B746002C2637 /* Resources */ = {
			isa = PBXResourcesBuildPhase;
			buildActionMask = 2147483647;
			files = (
			);
			runOnlyForDeploymentPostprocessing = 0;
		};
		E52F58122625B746002C2637 /* Resources */ = {
			isa = PBXResourcesBuildPhase;
			buildActionMask = 2147483647;
			files = (
			);
			runOnlyForDeploymentPostprocessing = 0;
		};
/* End PBXResourcesBuildPhase section */

/* Begin PBXShellScriptBuildPhase section */
		2CD7C978A4CF997256A377BB /* [CP] Check Pods Manifest.lock */ = {
			isa = PBXShellScriptBuildPhase;
			buildActionMask = 2147483647;
			files = (
			);
			inputFileListPaths = (
			);
			inputPaths = (
				"${PODS_PODFILE_DIR_PATH}/Podfile.lock",
				"${PODS_ROOT}/Manifest.lock",
			);
			name = "[CP] Check Pods Manifest.lock";
			outputFileListPaths = (
			);
			outputPaths = (
				"$(DERIVED_FILE_DIR)/Pods-YumYum-checkManifestLockResult.txt",
			);
			runOnlyForDeploymentPostprocessing = 0;
			shellPath = /bin/sh;
			shellScript = "diff \"${PODS_PODFILE_DIR_PATH}/Podfile.lock\" \"${PODS_ROOT}/Manifest.lock\" > /dev/null\nif [ $? != 0 ] ; then\n    # print error to STDERR\n    echo \"error: The sandbox is not in sync with the Podfile.lock. Run 'pod install' or update your CocoaPods installation.\" >&2\n    exit 1\nfi\n# This output is used by Xcode 'outputs' to avoid re-running this script phase.\necho \"SUCCESS\" > \"${SCRIPT_OUTPUT_FILE_0}\"\n";
			showEnvVarsInLog = 0;
		};
		3B93B6B4BD565DCC4FB0AF54 /* [CP] Check Pods Manifest.lock */ = {
			isa = PBXShellScriptBuildPhase;
			buildActionMask = 2147483647;
			files = (
			);
			inputFileListPaths = (
			);
			inputPaths = (
				"${PODS_PODFILE_DIR_PATH}/Podfile.lock",
				"${PODS_ROOT}/Manifest.lock",
			);
			name = "[CP] Check Pods Manifest.lock";
			outputFileListPaths = (
			);
			outputPaths = (
				"$(DERIVED_FILE_DIR)/Pods-YumYum-YumYumUITests-checkManifestLockResult.txt",
			);
			runOnlyForDeploymentPostprocessing = 0;
			shellPath = /bin/sh;
			shellScript = "diff \"${PODS_PODFILE_DIR_PATH}/Podfile.lock\" \"${PODS_ROOT}/Manifest.lock\" > /dev/null\nif [ $? != 0 ] ; then\n    # print error to STDERR\n    echo \"error: The sandbox is not in sync with the Podfile.lock. Run 'pod install' or update your CocoaPods installation.\" >&2\n    exit 1\nfi\n# This output is used by Xcode 'outputs' to avoid re-running this script phase.\necho \"SUCCESS\" > \"${SCRIPT_OUTPUT_FILE_0}\"\n";
			showEnvVarsInLog = 0;
		};
		6EB27AE40C229E95D744CBD2 /* [CP] Embed Pods Frameworks */ = {
			isa = PBXShellScriptBuildPhase;
			buildActionMask = 2147483647;
			files = (
			);
			inputFileListPaths = (
				"${PODS_ROOT}/Target Support Files/Pods-YumYum/Pods-YumYum-frameworks-${CONFIGURATION}-input-files.xcfilelist",
			);
			name = "[CP] Embed Pods Frameworks";
			outputFileListPaths = (
				"${PODS_ROOT}/Target Support Files/Pods-YumYum/Pods-YumYum-frameworks-${CONFIGURATION}-output-files.xcfilelist",
			);
			runOnlyForDeploymentPostprocessing = 0;
			shellPath = /bin/sh;
			shellScript = "\"${PODS_ROOT}/Target Support Files/Pods-YumYum/Pods-YumYum-frameworks.sh\"\n";
			showEnvVarsInLog = 0;
		};
		8CA650AA5133CBF153623321 /* [CP] Check Pods Manifest.lock */ = {
			isa = PBXShellScriptBuildPhase;
			buildActionMask = 2147483647;
			files = (
			);
			inputFileListPaths = (
			);
			inputPaths = (
				"${PODS_PODFILE_DIR_PATH}/Podfile.lock",
				"${PODS_ROOT}/Manifest.lock",
			);
			name = "[CP] Check Pods Manifest.lock";
			outputFileListPaths = (
			);
			outputPaths = (
				"$(DERIVED_FILE_DIR)/Pods-YumYumTests-checkManifestLockResult.txt",
			);
			runOnlyForDeploymentPostprocessing = 0;
			shellPath = /bin/sh;
			shellScript = "diff \"${PODS_PODFILE_DIR_PATH}/Podfile.lock\" \"${PODS_ROOT}/Manifest.lock\" > /dev/null\nif [ $? != 0 ] ; then\n    # print error to STDERR\n    echo \"error: The sandbox is not in sync with the Podfile.lock. Run 'pod install' or update your CocoaPods installation.\" >&2\n    exit 1\nfi\n# This output is used by Xcode 'outputs' to avoid re-running this script phase.\necho \"SUCCESS\" > \"${SCRIPT_OUTPUT_FILE_0}\"\n";
			showEnvVarsInLog = 0;
		};
		D342B0B8A63765C3B782E194 /* [CP] Copy Pods Resources */ = {
			isa = PBXShellScriptBuildPhase;
			buildActionMask = 2147483647;
			files = (
			);
			inputFileListPaths = (
				"${PODS_ROOT}/Target Support Files/Pods-YumYum-YumYumUITests/Pods-YumYum-YumYumUITests-resources-${CONFIGURATION}-input-files.xcfilelist",
			);
			name = "[CP] Copy Pods Resources";
			outputFileListPaths = (
				"${PODS_ROOT}/Target Support Files/Pods-YumYum-YumYumUITests/Pods-YumYum-YumYumUITests-resources-${CONFIGURATION}-output-files.xcfilelist",
			);
			runOnlyForDeploymentPostprocessing = 0;
			shellPath = /bin/sh;
			shellScript = "\"${PODS_ROOT}/Target Support Files/Pods-YumYum-YumYumUITests/Pods-YumYum-YumYumUITests-resources.sh\"\n";
			showEnvVarsInLog = 0;
		};
		DF945E7AF3BFB01FEF5A0AA2 /* [CP] Copy Pods Resources */ = {
			isa = PBXShellScriptBuildPhase;
			buildActionMask = 2147483647;
			files = (
			);
			inputFileListPaths = (
				"${PODS_ROOT}/Target Support Files/Pods-YumYum/Pods-YumYum-resources-${CONFIGURATION}-input-files.xcfilelist",
			);
			name = "[CP] Copy Pods Resources";
			outputFileListPaths = (
				"${PODS_ROOT}/Target Support Files/Pods-YumYum/Pods-YumYum-resources-${CONFIGURATION}-output-files.xcfilelist",
			);
			runOnlyForDeploymentPostprocessing = 0;
			shellPath = /bin/sh;
			shellScript = "\"${PODS_ROOT}/Target Support Files/Pods-YumYum/Pods-YumYum-resources.sh\"\n";
			showEnvVarsInLog = 0;
		};
		F97FA30133BB75EF5BCD797D /* [CP] Embed Pods Frameworks */ = {
			isa = PBXShellScriptBuildPhase;
			buildActionMask = 2147483647;
			files = (
			);
			inputFileListPaths = (
				"${PODS_ROOT}/Target Support Files/Pods-YumYum-YumYumUITests/Pods-YumYum-YumYumUITests-frameworks-${CONFIGURATION}-input-files.xcfilelist",
			);
			name = "[CP] Embed Pods Frameworks";
			outputFileListPaths = (
				"${PODS_ROOT}/Target Support Files/Pods-YumYum-YumYumUITests/Pods-YumYum-YumYumUITests-frameworks-${CONFIGURATION}-output-files.xcfilelist",
			);
			runOnlyForDeploymentPostprocessing = 0;
			shellPath = /bin/sh;
			shellScript = "\"${PODS_ROOT}/Target Support Files/Pods-YumYum-YumYumUITests/Pods-YumYum-YumYumUITests-frameworks.sh\"\n";
			showEnvVarsInLog = 0;
		};
/* End PBXShellScriptBuildPhase section */

/* Begin PBXSourcesBuildPhase section */
		E52F57EC2625B746002C2637 /* Sources */ = {
			isa = PBXSourcesBuildPhase;
			buildActionMask = 2147483647;
			files = (
				E548AAFA26388B6E0049AA0B /* VideoPlayBackVC.swift in Sources */,
				548F40E2262EB7A20008B612 /* VideoCollectionViewCell.swift in Sources */,
				E548AAF5263887C10049AA0B /* WebApiManagerFeed.swift in Sources */,
				E52F57F82625B746002C2637 /* ViewController.swift in Sources */,
				E5B112F1262EBD0E00ACB7C8 /* MainTabBarVC.swift in Sources */,
				E536EBBD263C7E2600791E7C /* Utils.swift in Sources */,
				E548AAEB2638699E0049AA0B /* WebApiManager.swift in Sources */,
				54B82479263C921A001F6A17 /* SettingVC.swift in Sources */,
				E5B071302634761E0094E880 /* PreviewView.swift in Sources */,
				54B9F132263ACBC700027590 /* CommenResponse.swift in Sources */,
				E5747F10262AA0F300DD0672 /* CameraVC.swift in Sources */,
				E536EBB7263BFDCD00791E7C /* PlaceModel.swift in Sources */,
				E52F57FE2625B746002C2637 /* YumYum.xcdatamodeld in Sources */,
				E521F3CE264375890083957B /* ReviewNavigationVC.swift in Sources */,
				E548AB072639D8F60049AA0B /* UINavigationBarExtension.swift in Sources */,
				E52F57F42625B746002C2637 /* AppDelegate.swift in Sources */,
				54B9F13A263BA87D00027590 /* MypageVC.swift in Sources */,
				54B1E22B26371ECB0030C832 /* ConfigUrls.swift in Sources */,
				E536EBB2263BF87800791E7C /* WebApiManagerMedia.swift in Sources */,
				E5B30F7326440C91000D8934 /* WebApiManagerKakao.swift in Sources */,
				540CAAF426314F7D0045917B /* SignupVC.swift in Sources */,
				543648E826481EF600392C12 /* PrivateLawVC.swift in Sources */,
				E548AB11263A697C0049AA0B /* UIColor.swift in Sources */,
				541A0BFA262E8E97006C9582 /* VideoVO.swift in Sources */,
				54C78FB3264001C200E1F600 /* EditProfileVC.swift in Sources */,
				54E0EEE4262835950006D49D /* LoginVC.swift in Sources */,
				E52F57F62625B746002C2637 /* SceneDelegate.swift in Sources */,
				E521F3C92641398B0083957B /* MapVC.swift in Sources */,
				E548AAE42638656C0049AA0B /* UserDefaultsExtension.swift in Sources */,
				54C6DA5C262B1965006C8D96 /* HomeViewController.swift in Sources */,
				E5B30F7D264434C1000D8934 /* PlaceSearchVC.swift in Sources */,
				5488E21626394F640096C35B /* UserModel.swift in Sources */,
				54B8246E263C0EC1001F6A17 /* MyCollectionViewCell.swift in Sources */,
				54B1E223263713150030C832 /* UIViewControllerExtension.swift in Sources */,
				548AB7E6262AA1BC0093215D /* SignUpButton.swift in Sources */,
				E5B30F822644C061000D8934 /* PlaceSearchCell.swift in Sources */,
				E548AB16263AB51B0049AA0B /* FeedModel.swift in Sources */,
				54DA816A264816530029FC92 /* UIImage.swift in Sources */,
				E548AB0C2639ECC70049AA0B /* ReviewVC.swift in Sources */,
				E548AAF026386A9F0049AA0B /* WebApiManagerUser.swift in Sources */,
			);
			runOnlyForDeploymentPostprocessing = 0;
		};
		E52F58052625B746002C2637 /* Sources */ = {
			isa = PBXSourcesBuildPhase;
			buildActionMask = 2147483647;
			files = (
				E52F580E2625B746002C2637 /* YumYumTests.swift in Sources */,
			);
			runOnlyForDeploymentPostprocessing = 0;
		};
		E52F58102625B746002C2637 /* Sources */ = {
			isa = PBXSourcesBuildPhase;
			buildActionMask = 2147483647;
			files = (
				E52F58192625B746002C2637 /* YumYumUITests.swift in Sources */,
			);
			runOnlyForDeploymentPostprocessing = 0;
		};
/* End PBXSourcesBuildPhase section */

/* Begin PBXTargetDependency section */
		E52F580B2625B746002C2637 /* PBXTargetDependency */ = {
			isa = PBXTargetDependency;
			target = E52F57EF2625B746002C2637 /* YumYum */;
			targetProxy = E52F580A2625B746002C2637 /* PBXContainerItemProxy */;
		};
		E52F58162625B746002C2637 /* PBXTargetDependency */ = {
			isa = PBXTargetDependency;
			target = E52F57EF2625B746002C2637 /* YumYum */;
			targetProxy = E52F58152625B746002C2637 /* PBXContainerItemProxy */;
		};
/* End PBXTargetDependency section */

/* Begin PBXVariantGroup section */
		E52F57F92625B746002C2637 /* Main.storyboard */ = {
			isa = PBXVariantGroup;
			children = (
				E52F57FA2625B746002C2637 /* Base */,
			);
			name = Main.storyboard;
			sourceTree = "<group>";
		};
		E52F58012625B746002C2637 /* LaunchScreen.storyboard */ = {
			isa = PBXVariantGroup;
			children = (
				E52F58022625B746002C2637 /* Base */,
			);
			name = LaunchScreen.storyboard;
			sourceTree = "<group>";
		};
		E5920A202627C2E800836123 /* Review.storyboard */ = {
			isa = PBXVariantGroup;
			children = (
				E5920A212627C2E800836123 /* Base */,
			);
			name = Review.storyboard;
			sourceTree = "<group>";
		};
/* End PBXVariantGroup section */

/* Begin XCBuildConfiguration section */
		E52F581B2625B746002C2637 /* Debug */ = {
			isa = XCBuildConfiguration;
			buildSettings = {
				ALWAYS_SEARCH_USER_PATHS = NO;
				CLANG_ANALYZER_NONNULL = YES;
				CLANG_ANALYZER_NUMBER_OBJECT_CONVERSION = YES_AGGRESSIVE;
				CLANG_CXX_LANGUAGE_STANDARD = "gnu++14";
				CLANG_CXX_LIBRARY = "libc++";
				CLANG_ENABLE_MODULES = YES;
				CLANG_ENABLE_OBJC_ARC = YES;
				CLANG_ENABLE_OBJC_WEAK = YES;
				CLANG_WARN_BLOCK_CAPTURE_AUTORELEASING = YES;
				CLANG_WARN_BOOL_CONVERSION = YES;
				CLANG_WARN_COMMA = YES;
				CLANG_WARN_CONSTANT_CONVERSION = YES;
				CLANG_WARN_DEPRECATED_OBJC_IMPLEMENTATIONS = YES;
				CLANG_WARN_DIRECT_OBJC_ISA_USAGE = YES_ERROR;
				CLANG_WARN_DOCUMENTATION_COMMENTS = YES;
				CLANG_WARN_EMPTY_BODY = YES;
				CLANG_WARN_ENUM_CONVERSION = YES;
				CLANG_WARN_INFINITE_RECURSION = YES;
				CLANG_WARN_INT_CONVERSION = YES;
				CLANG_WARN_NON_LITERAL_NULL_CONVERSION = YES;
				CLANG_WARN_OBJC_IMPLICIT_RETAIN_SELF = YES;
				CLANG_WARN_OBJC_LITERAL_CONVERSION = YES;
				CLANG_WARN_OBJC_ROOT_CLASS = YES_ERROR;
				CLANG_WARN_QUOTED_INCLUDE_IN_FRAMEWORK_HEADER = YES;
				CLANG_WARN_RANGE_LOOP_ANALYSIS = YES;
				CLANG_WARN_STRICT_PROTOTYPES = YES;
				CLANG_WARN_SUSPICIOUS_MOVE = YES;
				CLANG_WARN_UNGUARDED_AVAILABILITY = YES_AGGRESSIVE;
				CLANG_WARN_UNREACHABLE_CODE = YES;
				CLANG_WARN__DUPLICATE_METHOD_MATCH = YES;
				COPY_PHASE_STRIP = NO;
				DEBUG_INFORMATION_FORMAT = dwarf;
				ENABLE_STRICT_OBJC_MSGSEND = YES;
				ENABLE_TESTABILITY = YES;
				GCC_C_LANGUAGE_STANDARD = gnu11;
				GCC_DYNAMIC_NO_PIC = NO;
				GCC_NO_COMMON_BLOCKS = YES;
				GCC_OPTIMIZATION_LEVEL = 0;
				GCC_PREPROCESSOR_DEFINITIONS = (
					"DEBUG=1",
					"$(inherited)",
				);
				GCC_WARN_64_TO_32_BIT_CONVERSION = YES;
				GCC_WARN_ABOUT_RETURN_TYPE = YES_ERROR;
				GCC_WARN_UNDECLARED_SELECTOR = YES;
				GCC_WARN_UNINITIALIZED_AUTOS = YES_AGGRESSIVE;
				GCC_WARN_UNUSED_FUNCTION = YES;
				GCC_WARN_UNUSED_VARIABLE = YES;
				IPHONEOS_DEPLOYMENT_TARGET = 14.4;
				MTL_ENABLE_DEBUG_INFO = INCLUDE_SOURCE;
				MTL_FAST_MATH = YES;
				ONLY_ACTIVE_ARCH = YES;
				SDKROOT = iphoneos;
				SWIFT_ACTIVE_COMPILATION_CONDITIONS = DEBUG;
				SWIFT_OPTIMIZATION_LEVEL = "-Onone";
			};
			name = Debug;
		};
		E52F581C2625B746002C2637 /* Release */ = {
			isa = XCBuildConfiguration;
			buildSettings = {
				ALWAYS_SEARCH_USER_PATHS = NO;
				CLANG_ANALYZER_NONNULL = YES;
				CLANG_ANALYZER_NUMBER_OBJECT_CONVERSION = YES_AGGRESSIVE;
				CLANG_CXX_LANGUAGE_STANDARD = "gnu++14";
				CLANG_CXX_LIBRARY = "libc++";
				CLANG_ENABLE_MODULES = YES;
				CLANG_ENABLE_OBJC_ARC = YES;
				CLANG_ENABLE_OBJC_WEAK = YES;
				CLANG_WARN_BLOCK_CAPTURE_AUTORELEASING = YES;
				CLANG_WARN_BOOL_CONVERSION = YES;
				CLANG_WARN_COMMA = YES;
				CLANG_WARN_CONSTANT_CONVERSION = YES;
				CLANG_WARN_DEPRECATED_OBJC_IMPLEMENTATIONS = YES;
				CLANG_WARN_DIRECT_OBJC_ISA_USAGE = YES_ERROR;
				CLANG_WARN_DOCUMENTATION_COMMENTS = YES;
				CLANG_WARN_EMPTY_BODY = YES;
				CLANG_WARN_ENUM_CONVERSION = YES;
				CLANG_WARN_INFINITE_RECURSION = YES;
				CLANG_WARN_INT_CONVERSION = YES;
				CLANG_WARN_NON_LITERAL_NULL_CONVERSION = YES;
				CLANG_WARN_OBJC_IMPLICIT_RETAIN_SELF = YES;
				CLANG_WARN_OBJC_LITERAL_CONVERSION = YES;
				CLANG_WARN_OBJC_ROOT_CLASS = YES_ERROR;
				CLANG_WARN_QUOTED_INCLUDE_IN_FRAMEWORK_HEADER = YES;
				CLANG_WARN_RANGE_LOOP_ANALYSIS = YES;
				CLANG_WARN_STRICT_PROTOTYPES = YES;
				CLANG_WARN_SUSPICIOUS_MOVE = YES;
				CLANG_WARN_UNGUARDED_AVAILABILITY = YES_AGGRESSIVE;
				CLANG_WARN_UNREACHABLE_CODE = YES;
				CLANG_WARN__DUPLICATE_METHOD_MATCH = YES;
				COPY_PHASE_STRIP = NO;
				DEBUG_INFORMATION_FORMAT = "dwarf-with-dsym";
				ENABLE_NS_ASSERTIONS = NO;
				ENABLE_STRICT_OBJC_MSGSEND = YES;
				GCC_C_LANGUAGE_STANDARD = gnu11;
				GCC_NO_COMMON_BLOCKS = YES;
				GCC_WARN_64_TO_32_BIT_CONVERSION = YES;
				GCC_WARN_ABOUT_RETURN_TYPE = YES_ERROR;
				GCC_WARN_UNDECLARED_SELECTOR = YES;
				GCC_WARN_UNINITIALIZED_AUTOS = YES_AGGRESSIVE;
				GCC_WARN_UNUSED_FUNCTION = YES;
				GCC_WARN_UNUSED_VARIABLE = YES;
				IPHONEOS_DEPLOYMENT_TARGET = 14.4;
				MTL_ENABLE_DEBUG_INFO = NO;
				MTL_FAST_MATH = YES;
				SDKROOT = iphoneos;
				SWIFT_COMPILATION_MODE = wholemodule;
				SWIFT_OPTIMIZATION_LEVEL = "-O";
				VALIDATE_PRODUCT = YES;
			};
			name = Release;
		};
		E52F581E2625B746002C2637 /* Debug */ = {
			isa = XCBuildConfiguration;
			baseConfigurationReference = 4B829E1AD96BD40F54F7A6BA /* Pods-YumYum.debug.xcconfig */;
			buildSettings = {
				ASSETCATALOG_COMPILER_APPICON_NAME = AppIcon;
				ASSETCATALOG_COMPILER_GLOBAL_ACCENT_COLOR_NAME = AccentColor;
				CLANG_ENABLE_OBJC_ARC = NO;
				CODE_SIGN_ENTITLEMENTS = YumYum/YumYum.entitlements;
				CODE_SIGN_STYLE = Automatic;
				DEVELOPMENT_TEAM = 25WJPJB95F;
				FRAMEWORK_SEARCH_PATHS = (
					"$(inherited)",
					"$(PROJECT_DIR)/DaumMap.embeddedframework",
				);
				INFOPLIST_FILE = YumYum/SupportingFiles/Info.plist;
				LD_RUNPATH_SEARCH_PATHS = (
					"$(inherited)",
					"@executable_path/Frameworks",
				);
				PRODUCT_BUNDLE_IDENTIFIER = com.Omnyomnyom.YumYum;
				PRODUCT_NAME = "$(TARGET_NAME)";
				SWIFT_OBJC_BRIDGING_HEADER = "YumYum/Headers/KakaoMap-Bridging-Header.h";
				SWIFT_VERSION = 5.0;
				TARGETED_DEVICE_FAMILY = "1,2";
			};
			name = Debug;
		};
		E52F581F2625B746002C2637 /* Release */ = {
			isa = XCBuildConfiguration;
			baseConfigurationReference = 660FBCDD88D6F913501CB333 /* Pods-YumYum.release.xcconfig */;
			buildSettings = {
				ASSETCATALOG_COMPILER_APPICON_NAME = AppIcon;
				ASSETCATALOG_COMPILER_GLOBAL_ACCENT_COLOR_NAME = AccentColor;
				CLANG_ENABLE_OBJC_ARC = NO;
				CODE_SIGN_ENTITLEMENTS = YumYum/YumYum.entitlements;
				CODE_SIGN_STYLE = Automatic;
				DEVELOPMENT_TEAM = 25WJPJB95F;
				FRAMEWORK_SEARCH_PATHS = (
					"$(inherited)",
					"$(PROJECT_DIR)/DaumMap.embeddedframework",
				);
				INFOPLIST_FILE = YumYum/SupportingFiles/Info.plist;
				LD_RUNPATH_SEARCH_PATHS = (
					"$(inherited)",
					"@executable_path/Frameworks",
				);
				PRODUCT_BUNDLE_IDENTIFIER = com.Omnyomnyom.YumYum;
				PRODUCT_NAME = "$(TARGET_NAME)";
				SWIFT_OBJC_BRIDGING_HEADER = "YumYum/Headers/KakaoMap-Bridging-Header.h";
				SWIFT_VERSION = 5.0;
				TARGETED_DEVICE_FAMILY = "1,2";
			};
			name = Release;
		};
		E52F58212625B746002C2637 /* Debug */ = {
			isa = XCBuildConfiguration;
			baseConfigurationReference = 176877668411709C5ECB5223 /* Pods-YumYumTests.debug.xcconfig */;
			buildSettings = {
				ALWAYS_EMBED_SWIFT_STANDARD_LIBRARIES = YES;
				BUNDLE_LOADER = "$(TEST_HOST)";
				CODE_SIGN_STYLE = Automatic;
				FRAMEWORK_SEARCH_PATHS = (
					"$(inherited)",
					"$(PROJECT_DIR)/DaumMap.embeddedframework",
				);
				INFOPLIST_FILE = YumYumTests/Info.plist;
				IPHONEOS_DEPLOYMENT_TARGET = 14.4;
				LD_RUNPATH_SEARCH_PATHS = (
					"$(inherited)",
					"@executable_path/Frameworks",
					"@loader_path/Frameworks",
				);
				PRODUCT_BUNDLE_IDENTIFIER = com.Omnyomnyom.YumYumTests;
				PRODUCT_NAME = "$(TARGET_NAME)";
				SWIFT_VERSION = 5.0;
				TARGETED_DEVICE_FAMILY = "1,2";
				TEST_HOST = "$(BUILT_PRODUCTS_DIR)/YumYum.app/YumYum";
			};
			name = Debug;
		};
		E52F58222625B746002C2637 /* Release */ = {
			isa = XCBuildConfiguration;
			baseConfigurationReference = 452F8AFF9E6F936F5A82F3E2 /* Pods-YumYumTests.release.xcconfig */;
			buildSettings = {
				ALWAYS_EMBED_SWIFT_STANDARD_LIBRARIES = YES;
				BUNDLE_LOADER = "$(TEST_HOST)";
				CODE_SIGN_STYLE = Automatic;
				FRAMEWORK_SEARCH_PATHS = (
					"$(inherited)",
					"$(PROJECT_DIR)/DaumMap.embeddedframework",
				);
				INFOPLIST_FILE = YumYumTests/Info.plist;
				IPHONEOS_DEPLOYMENT_TARGET = 14.4;
				LD_RUNPATH_SEARCH_PATHS = (
					"$(inherited)",
					"@executable_path/Frameworks",
					"@loader_path/Frameworks",
				);
				PRODUCT_BUNDLE_IDENTIFIER = com.Omnyomnyom.YumYumTests;
				PRODUCT_NAME = "$(TARGET_NAME)";
				SWIFT_VERSION = 5.0;
				TARGETED_DEVICE_FAMILY = "1,2";
				TEST_HOST = "$(BUILT_PRODUCTS_DIR)/YumYum.app/YumYum";
			};
			name = Release;
		};
		E52F58242625B746002C2637 /* Debug */ = {
			isa = XCBuildConfiguration;
			baseConfigurationReference = 843970AD8155E7CF31EF0110 /* Pods-YumYum-YumYumUITests.debug.xcconfig */;
			buildSettings = {
				ALWAYS_EMBED_SWIFT_STANDARD_LIBRARIES = YES;
				CODE_SIGN_STYLE = Automatic;
				INFOPLIST_FILE = YumYumUITests/Info.plist;
				LD_RUNPATH_SEARCH_PATHS = (
					"$(inherited)",
					"@executable_path/Frameworks",
					"@loader_path/Frameworks",
				);
				PRODUCT_BUNDLE_IDENTIFIER = com.Omnyomnyom.YumYumUITests;
				PRODUCT_NAME = "$(TARGET_NAME)";
				SWIFT_VERSION = 5.0;
				TARGETED_DEVICE_FAMILY = "1,2";
				TEST_TARGET_NAME = YumYum;
			};
			name = Debug;
		};
		E52F58252625B746002C2637 /* Release */ = {
			isa = XCBuildConfiguration;
			baseConfigurationReference = 54AE774853566DBA5881A568 /* Pods-YumYum-YumYumUITests.release.xcconfig */;
			buildSettings = {
				ALWAYS_EMBED_SWIFT_STANDARD_LIBRARIES = YES;
				CODE_SIGN_STYLE = Automatic;
				INFOPLIST_FILE = YumYumUITests/Info.plist;
				LD_RUNPATH_SEARCH_PATHS = (
					"$(inherited)",
					"@executable_path/Frameworks",
					"@loader_path/Frameworks",
				);
				PRODUCT_BUNDLE_IDENTIFIER = com.Omnyomnyom.YumYumUITests;
				PRODUCT_NAME = "$(TARGET_NAME)";
				SWIFT_VERSION = 5.0;
				TARGETED_DEVICE_FAMILY = "1,2";
				TEST_TARGET_NAME = YumYum;
			};
			name = Release;
		};
/* End XCBuildConfiguration section */

/* Begin XCConfigurationList section */
		E52F57EB2625B746002C2637 /* Build configuration list for PBXProject "YumYum" */ = {
			isa = XCConfigurationList;
			buildConfigurations = (
				E52F581B2625B746002C2637 /* Debug */,
				E52F581C2625B746002C2637 /* Release */,
			);
			defaultConfigurationIsVisible = 0;
			defaultConfigurationName = Release;
		};
		E52F581D2625B746002C2637 /* Build configuration list for PBXNativeTarget "YumYum" */ = {
			isa = XCConfigurationList;
			buildConfigurations = (
				E52F581E2625B746002C2637 /* Debug */,
				E52F581F2625B746002C2637 /* Release */,
			);
			defaultConfigurationIsVisible = 0;
			defaultConfigurationName = Release;
		};
		E52F58202625B746002C2637 /* Build configuration list for PBXNativeTarget "YumYumTests" */ = {
			isa = XCConfigurationList;
			buildConfigurations = (
				E52F58212625B746002C2637 /* Debug */,
				E52F58222625B746002C2637 /* Release */,
			);
			defaultConfigurationIsVisible = 0;
			defaultConfigurationName = Release;
		};
		E52F58232625B746002C2637 /* Build configuration list for PBXNativeTarget "YumYumUITests" */ = {
			isa = XCConfigurationList;
			buildConfigurations = (
				E52F58242625B746002C2637 /* Debug */,
				E52F58252625B746002C2637 /* Release */,
			);
			defaultConfigurationIsVisible = 0;
			defaultConfigurationName = Release;
		};
/* End XCConfigurationList section */

/* Begin XCVersionGroup section */
		E52F57FC2625B746002C2637 /* YumYum.xcdatamodeld */ = {
			isa = XCVersionGroup;
			children = (
				E52F57FD2625B746002C2637 /* YumYum.xcdatamodel */,
			);
			currentVersion = E52F57FD2625B746002C2637 /* YumYum.xcdatamodel */;
			path = YumYum.xcdatamodeld;
			sourceTree = "<group>";
			versionGroupType = wrapper.xcdatamodel;
		};
/* End XCVersionGroup section */
	};
	rootObject = E52F57E82625B746002C2637 /* Project object */;
}
